
Microsoft Visual Studio Solution File, Format Version 12.00
# Visual Studio Version 16
VisualStudioVersion = 16.0.30406.217
MinimumVisualStudioVersion = 10.0.40219.1
Project("{FAE04EC0-301F-11D3-BF4B-00C04F79EFBC}") = "RDMS", "RDMS\RDMS.csproj", "{5E1B2486-1909-462A-95C8-64D0312DD05F}"
EndProject
Project("{FAE04EC0-301F-11D3-BF4B-00C04F79EFBC}") = "BOL", "BOL\BOL.csproj", "{802827E9-1E88-474A-8E3F-E57528D48F83}"
EndProject
Project("{FAE04EC0-301F-11D3-BF4B-00C04F79EFBC}") = "DAL", "DAL\DAL.csproj", "{2477FFEC-0D38-4873-AE9A-893EEA585E21}"
EndProject
Global
	GlobalSection(SolutionConfigurationPlatforms) = preSolution
		Debug|Any CPU = Debug|Any CPU
		Debug|x86 = Debug|x86
		Release|Any CPU = Release|Any CPU
		Release|x86 = Release|x86
	EndGlobalSection
	GlobalSection(ProjectConfigurationPlatforms) = postSolution
		{5E1B2486-1909-462A-95C8-64D0312DD05F}.Debug|Any CPU.ActiveCfg = Debug|Any CPU
		{5E1B2486-1909-462A-95C8-64D0312DD05F}.Debug|Any CPU.Build.0 = Debug|Any CPU
		{5E1B2486-1909-462A-95C8-64D0312DD05F}.Debug|x86.ActiveCfg = Debug|Any CPU
		{5E1B2486-1909-462A-95C8-64D0312DD05F}.Debug|x86.Build.0 = Debug|Any CPU
		{5E1B2486-1909-462A-95C8-64D0312DD05F}.Release|Any CPU.ActiveCfg = Release|Any CPU
		{5E1B2486-1909-462A-95C8-64D0312DD05F}.Release|Any CPU.Build.0 = Release|Any CPU
		{5E1B2486-1909-462A-95C8-64D0312DD05F}.Release|x86.ActiveCfg = Release|Any CPU
		{5E1B2486-1909-462A-95C8-64D0312DD05F}.Release|x86.Build.0 = Release|Any CPU
		{802827E9-1E88-474A-8E3F-E57528D48F83}.Debug|Any CPU.ActiveCfg = Debug|Any CPU
		{802827E9-1E88-474A-8E3F-E57528D48F83}.Debug|Any CPU.Build.0 = Debug|Any CPU
		{802827E9-1E88-474A-8E3F-E57528D48F83}.Debug|x86.ActiveCfg = Debug|x86
		{802827E9-1E88-474A-8E3F-E57528D48F83}.Debug|x86.Build.0 = Debug|x86
		{802827E9-1E88-474A-8E3F-E57528D48F83}.Release|Any CPU.ActiveCfg = Release|Any CPU
		{802827E9-1E88-474A-8E3F-E57528D48F83}.Release|Any CPU.Build.0 = Release|Any CPU
		{802827E9-1E88-474A-8E3F-E57528D48F83}.Release|x86.ActiveCfg = Release|x86
		{802827E9-1E88-474A-8E3F-E57528D48F83}.Release|x86.Build.0 = Release|x86
		{2477FFEC-0D38-4873-AE9A-893EEA585E21}.Debug|Any CPU.ActiveCfg = Debug|Any CPU
		{2477FFEC-0D38-4873-AE9A-893EEA585E21}.Debug|Any CPU.Build.0 = Debug|Any CPU
		{2477FFEC-0D38-4873-AE9A-893EEA585E21}.Debug|x86.ActiveCfg = Debug|x86
		{2477FFEC-0D38-4873-AE9A-893EEA585E21}.Debug|x86.Build.0 = Debug|x86
		{2477FFEC-0D38-4873-AE9A-893EEA585E21}.Release|Any CPU.ActiveCfg = Release|Any CPU
		{2477FFEC-0D38-4873-AE9A-893EEA585E21}.Release|Any CPU.Build.0 = Release|Any CPU
		{2477FFEC-0D38-4873-AE9A-893EEA585E21}.Release|x86.ActiveCfg = Release|x86
		{2477FFEC-0D38-4873-AE9A-893EEA585E21}.Release|x86.Build.0 = Release|x86
	EndGlobalSection
	GlobalSection(SolutionProperties) = preSolution
		HideSolutionNode = FALSE
	EndGlobalSection
	GlobalSection(ExtensibilityGlobals) = postSolution
		SolutionGuid = {150A785C-13E1-4B78-ABCC-2CD9F2DD350F}
	EndGlobalSection
EndGlobal
